
Microsoft Visual Studio Solution File, Format Version 12.00
# Visual Studio Version 17
VisualStudioVersion = 17.3.32922.545
MinimumVisualStudioVersion = 10.0.40219.1
Project("{FAE04EC0-301F-11D3-BF4B-00C04F79EFBC}") = "Practice- IComparable(sorting)", "Practice- IComparable(sorting)\Practice- IComparable(sorting).csproj", "{37685F4F-82A0-401E-89DA-1B1F62498C22}"
EndProject
Global
	GlobalSection(SolutionConfigurationPlatforms) = preSolution
		Debug|Any CPU = Debug|Any CPU
		Release|Any CPU = Release|Any CPU
	EndGlobalSection
	GlobalSection(ProjectConfigurationPlatforms) = postSolution
		{37685F4F-82A0-401E-89DA-1B1F62498C22}.Debug|Any CPU.ActiveCfg = Debug|Any CPU
		{37685F4F-82A0-401E-89DA-1B1F62498C22}.Debug|Any CPU.Build.0 = Debug|Any CPU
		{37685F4F-82A0-401E-89DA-1B1F62498C22}.Release|Any CPU.ActiveCfg = Release|Any CPU
		{37685F4F-82A0-401E-89DA-1B1F62498C22}.Release|Any CPU.Build.0 = Release|Any CPU
	EndGlobalSection
	GlobalSection(SolutionProperties) = preSolution
		HideSolutionNode = FALSE
	EndGlobalSection
	GlobalSection(ExtensibilityGlobals) = postSolution
		SolutionGuid = {E87EF0CC-CCAB-44D8-A6DA-210425E67503}
	EndGlobalSection
EndGlobal
